
Microsoft Visual Studio Solution File, Format Version 12.00
# Visual Studio Version 17
VisualStudioVersion = 17.9.34616.47
MinimumVisualStudioVersion = 10.0.40219.1
Project("{9A19103F-16F7-4668-BE54-9A1E7A4F7556}") = "YourTrainerApp2", "YourTrainerApp2\YourTrainerApp2.csproj", "{1F1D689A-132C-41B0-BA51-D8C56BE0BC7B}"
EndProject
Project("{9A19103F-16F7-4668-BE54-9A1E7A4F7556}") = "CreatingExercisesJsonDb", "CreatingExercisesJsonDb\CreatingExercisesJsonDb.csproj", "{81D13350-E15F-4CCE-9DE4-5D97A1E5A92F}"
EndProject
Project("{9A19103F-16F7-4668-BE54-9A1E7A4F7556}") = "ExerciseAPI", "ExerciseAPI\ExerciseAPI.csproj", "{7B3E1E7F-1FDF-48F1-809E-C50C004E1001}"
EndProject
Project("{FAE04EC0-301F-11D3-BF4B-00C04F79EFBC}") = "YourTrainer_Utility", "YourTrainer_Utility\YourTrainer_Utility.csproj", "{A95B094A-AB90-4FB2-A2D6-FBE214422338}"
EndProject
Global
	GlobalSection(SolutionConfigurationPlatforms) = preSolution
		Debug|Any CPU = Debug|Any CPU
		Release|Any CPU = Release|Any CPU
	EndGlobalSection
	GlobalSection(ProjectConfigurationPlatforms) = postSolution
		{1F1D689A-132C-41B0-BA51-D8C56BE0BC7B}.Debug|Any CPU.ActiveCfg = Debug|Any CPU
		{1F1D689A-132C-41B0-BA51-D8C56BE0BC7B}.Debug|Any CPU.Build.0 = Debug|Any CPU
		{1F1D689A-132C-41B0-BA51-D8C56BE0BC7B}.Release|Any CPU.ActiveCfg = Release|Any CPU
		{1F1D689A-132C-41B0-BA51-D8C56BE0BC7B}.Release|Any CPU.Build.0 = Release|Any CPU
		{81D13350-E15F-4CCE-9DE4-5D97A1E5A92F}.Debug|Any CPU.ActiveCfg = Debug|Any CPU
		{81D13350-E15F-4CCE-9DE4-5D97A1E5A92F}.Debug|Any CPU.Build.0 = Debug|Any CPU
		{81D13350-E15F-4CCE-9DE4-5D97A1E5A92F}.Release|Any CPU.ActiveCfg = Release|Any CPU
		{81D13350-E15F-4CCE-9DE4-5D97A1E5A92F}.Release|Any CPU.Build.0 = Release|Any CPU
		{7B3E1E7F-1FDF-48F1-809E-C50C004E1001}.Debug|Any CPU.ActiveCfg = Debug|Any CPU
		{7B3E1E7F-1FDF-48F1-809E-C50C004E1001}.Debug|Any CPU.Build.0 = Debug|Any CPU
		{7B3E1E7F-1FDF-48F1-809E-C50C004E1001}.Release|Any CPU.ActiveCfg = Release|Any CPU
		{7B3E1E7F-1FDF-48F1-809E-C50C004E1001}.Release|Any CPU.Build.0 = Release|Any CPU
		{A95B094A-AB90-4FB2-A2D6-FBE214422338}.Debug|Any CPU.ActiveCfg = Debug|Any CPU
		{A95B094A-AB90-4FB2-A2D6-FBE214422338}.Debug|Any CPU.Build.0 = Debug|Any CPU
		{A95B094A-AB90-4FB2-A2D6-FBE214422338}.Release|Any CPU.ActiveCfg = Release|Any CPU
		{A95B094A-AB90-4FB2-A2D6-FBE214422338}.Release|Any CPU.Build.0 = Release|Any CPU
	EndGlobalSection
	GlobalSection(SolutionProperties) = preSolution
		HideSolutionNode = FALSE
	EndGlobalSection
	GlobalSection(ExtensibilityGlobals) = postSolution
		SolutionGuid = {EB2E671C-DF2A-4B87-A610-C649547CC52E}
	EndGlobalSection
EndGlobal
